{
  "originHash" : "c21e2b5a8c99766f53fa0e1591cab37192206830d38d226353e5148a9b94b931",
  "pins" : [
    {
      "identity" : "anycodable",
      "kind" : "remoteSourceControl",
      "location" : "https://github.com/Flight-School/AnyCodable",
      "state" : {
        "revision" : "862808b2070cd908cb04f9aafe7de83d35f81b05",
        "version" : "0.6.7"
      }
    },
    {
      "identity" : "binarycodable",
      "kind" : "remoteSourceControl",
      "location" : "https://github.com/christophhagen/BinaryCodable",
      "state" : {
        "revision" : "e433bb084be30fbd402b2bdc8f36b7c8e083d310",
        "version" : "3.0.0"
      }
    },
    {
      "identity" : "flyingfox",
      "kind" : "remoteSourceControl",
      "location" : "https://github.com/swhitty/FlyingFox.git",
      "state" : {
        "revision" : "c9e0d358e6fcab4b4a4589bc88d110875c96d739",
        "version" : "0.14.0"
      }
    },
    {
      "identity" : "kvsimd.swift",
      "kind" : "remoteSourceControl",
      "location" : "https://github.com/keyvariable/kvSIMD.swift.git",
      "state" : {
        "revision" : "d95f3590b28ffc35c51d570a521daea1ce74e490",
        "version" : "1.1.0"
      }
    },
    {
      "identity" : "opencombine",
      "kind" : "remoteSourceControl",
      "location" : "https://github.com/alloverse/OpenCombine.git",
      "state" : {
        "branch" : "fix/vision-support",
        "revision" : "2776871d800343218733c703a191b5a206410071"
      }
    },
    {
      "identity" : "packagebuildinfo",
      "kind" : "remoteSourceControl",
      "location" : "https://github.com/DimaRU/PackageBuildInfo",
      "state" : {
        "branch" : "master",
        "revision" : "b58288cada24fdaaedaaa329afe52d910794fdb2"
      }
    },
    {
      "identity" : "swift-argument-parser",
      "kind" : "remoteSourceControl",
      "location" : "https://github.com/apple/swift-argument-parser",
      "state" : {
        "revision" : "41982a3656a71c768319979febd796c6fd111d5c",
        "version" : "1.5.0"
      }
    },
    {
      "identity" : "swift-atomics",
      "kind" : "remoteSourceControl",
      "location" : "https://github.com/apple/swift-atomics.git",
      "state" : {
        "revision" : "b601256eab081c0f92f059e12818ac1d4f178ff7",
        "version" : "1.3.0"
      }
    },
    {
      "identity" : "swift-log",
      "kind" : "remoteSourceControl",
      "location" : "https://github.com/apple/swift-log",
      "state" : {
        "revision" : "ce592ae52f982c847a4efc0dd881cc9eb32d29f2",
        "version" : "1.6.4"
      }
    },
    {
      "identity" : "version",
      "kind" : "remoteSourceControl",
      "location" : "https://github.com/mxcl/Version.git",
      "state" : {
        "revision" : "67ce582bb9de70e1eb2ee41fd71aad3b5f86d97b",
        "version" : "2.2.0"
      }
    },
    {
      "identity" : "webrtc-xcframework",
      "kind" : "remoteSourceControl",
      "location" : "https://github.com/livekit/webrtc-xcframework.git",
      "state" : {
        "revision" : "94ce1c95b1e865ab7857a2a33eec24290e1579a7",
        "version" : "137.7151.7"
      }
    }
  ],
  "version" : 3
}
